
Microsoft Visual Studio Solution File, Format Version 12.00
# Visual Studio Version 17
VisualStudioVersion = 17.8.34330.188
MinimumVisualStudioVersion = 10.0.40219.1
Project("{9A19103F-16F7-4668-BE54-9A1E7A4F7556}") = "Company.Domain", "CompanyDomain\Company.Domain.csproj", "{B413EEC5-E54D-4969-8877-7B374BEB7AD9}"
EndProject
Project("{9A19103F-16F7-4668-BE54-9A1E7A4F7556}") = "CompanyXUnit", "CompanyXUnit\CompanyXUnit.csproj", "{3039FA11-9BB1-4399-913A-19E21F6F11DB}"
EndProject
Global
	GlobalSection(SolutionConfigurationPlatforms) = preSolution
		Debug|Any CPU = Debug|Any CPU
		Release|Any CPU = Release|Any CPU
	EndGlobalSection
	GlobalSection(ProjectConfigurationPlatforms) = postSolution
		{B413EEC5-E54D-4969-8877-7B374BEB7AD9}.Debug|Any CPU.ActiveCfg = Debug|Any CPU
		{B413EEC5-E54D-4969-8877-7B374BEB7AD9}.Debug|Any CPU.Build.0 = Debug|Any CPU
		{B413EEC5-E54D-4969-8877-7B374BEB7AD9}.Release|Any CPU.ActiveCfg = Release|Any CPU
		{B413EEC5-E54D-4969-8877-7B374BEB7AD9}.Release|Any CPU.Build.0 = Release|Any CPU
		{3039FA11-9BB1-4399-913A-19E21F6F11DB}.Debug|Any CPU.ActiveCfg = Debug|Any CPU
		{3039FA11-9BB1-4399-913A-19E21F6F11DB}.Debug|Any CPU.Build.0 = Debug|Any CPU
		{3039FA11-9BB1-4399-913A-19E21F6F11DB}.Release|Any CPU.ActiveCfg = Release|Any CPU
		{3039FA11-9BB1-4399-913A-19E21F6F11DB}.Release|Any CPU.Build.0 = Release|Any CPU
	EndGlobalSection
	GlobalSection(SolutionProperties) = preSolution
		HideSolutionNode = FALSE
	EndGlobalSection
	GlobalSection(ExtensibilityGlobals) = postSolution
		SolutionGuid = {4D64D20E-7540-4FF2-84CE-D828DD49AD40}
	EndGlobalSection
EndGlobal
